
Microsoft Visual Studio Solution File, Format Version 12.00
# Visual Studio 2013
VisualStudioVersion = 12.0.30723.0
MinimumVisualStudioVersion = 10.0.40219.1
Project("{FAE04EC0-301F-11D3-BF4B-00C04F79EFBC}") = "MailSender", "MailSender\MailSender.csproj", "{733BB3FB-2527-4DF7-BC7F-C83282DB1F74}"
EndProject
Project("{FAE04EC0-301F-11D3-BF4B-00C04F79EFBC}") = "MailRecipient", "MailRecipient\MailRecipient.csproj", "{4F5D6673-F265-4277-BE3B-5A627F382E9D}"
EndProject
Project("{FAE04EC0-301F-11D3-BF4B-00C04F79EFBC}") = "MailServer.Milan", "MailServer.Milan\MailServer.Milan.csproj", "{E6CC9851-EF32-4D4E-80BB-FF5DC6DDC0AC}"
EndProject
Project("{FAE04EC0-301F-11D3-BF4B-00C04F79EFBC}") = "MailServer.Dublin", "MailServer.Dublin\MailServer.Dublin.csproj", "{217BF849-DB52-4363-9117-0C8C80F9E0FB}"
EndProject
Project("{FAE04EC0-301F-11D3-BF4B-00C04F79EFBC}") = "MailServer.London", "MailServer.London\MailServer.London.csproj", "{137E02C6-DF03-44C1-9E31-B2578E8FF68B}"
EndProject
Project("{FAE04EC0-301F-11D3-BF4B-00C04F79EFBC}") = "Messages", "Messages\Messages.csproj", "{D471EF14-509E-4C83-86A3-D01B8F16EAF8}"
EndProject
Project("{2150E333-8FDC-42A3-9474-1A3956D46DE8}") = "Servers", "Servers", "{E3688243-4C48-4727-874D-846FABED897E}"
EndProject
Global
	GlobalSection(SolutionConfigurationPlatforms) = preSolution
		Debug|Any CPU = Debug|Any CPU
		Release|Any CPU = Release|Any CPU
	EndGlobalSection
	GlobalSection(ProjectConfigurationPlatforms) = postSolution
		{733BB3FB-2527-4DF7-BC7F-C83282DB1F74}.Debug|Any CPU.ActiveCfg = Debug|Any CPU
		{733BB3FB-2527-4DF7-BC7F-C83282DB1F74}.Debug|Any CPU.Build.0 = Debug|Any CPU
		{733BB3FB-2527-4DF7-BC7F-C83282DB1F74}.Release|Any CPU.ActiveCfg = Release|Any CPU
		{733BB3FB-2527-4DF7-BC7F-C83282DB1F74}.Release|Any CPU.Build.0 = Release|Any CPU
		{4F5D6673-F265-4277-BE3B-5A627F382E9D}.Debug|Any CPU.ActiveCfg = Debug|Any CPU
		{4F5D6673-F265-4277-BE3B-5A627F382E9D}.Debug|Any CPU.Build.0 = Debug|Any CPU
		{4F5D6673-F265-4277-BE3B-5A627F382E9D}.Release|Any CPU.ActiveCfg = Release|Any CPU
		{4F5D6673-F265-4277-BE3B-5A627F382E9D}.Release|Any CPU.Build.0 = Release|Any CPU
		{E6CC9851-EF32-4D4E-80BB-FF5DC6DDC0AC}.Debug|Any CPU.ActiveCfg = Debug|Any CPU
		{E6CC9851-EF32-4D4E-80BB-FF5DC6DDC0AC}.Debug|Any CPU.Build.0 = Debug|Any CPU
		{E6CC9851-EF32-4D4E-80BB-FF5DC6DDC0AC}.Release|Any CPU.ActiveCfg = Release|Any CPU
		{E6CC9851-EF32-4D4E-80BB-FF5DC6DDC0AC}.Release|Any CPU.Build.0 = Release|Any CPU
		{217BF849-DB52-4363-9117-0C8C80F9E0FB}.Debug|Any CPU.ActiveCfg = Debug|Any CPU
		{217BF849-DB52-4363-9117-0C8C80F9E0FB}.Debug|Any CPU.Build.0 = Debug|Any CPU
		{217BF849-DB52-4363-9117-0C8C80F9E0FB}.Release|Any CPU.ActiveCfg = Release|Any CPU
		{217BF849-DB52-4363-9117-0C8C80F9E0FB}.Release|Any CPU.Build.0 = Release|Any CPU
		{137E02C6-DF03-44C1-9E31-B2578E8FF68B}.Debug|Any CPU.ActiveCfg = Debug|Any CPU
		{137E02C6-DF03-44C1-9E31-B2578E8FF68B}.Debug|Any CPU.Build.0 = Debug|Any CPU
		{137E02C6-DF03-44C1-9E31-B2578E8FF68B}.Release|Any CPU.ActiveCfg = Release|Any CPU
		{137E02C6-DF03-44C1-9E31-B2578E8FF68B}.Release|Any CPU.Build.0 = Release|Any CPU
		{D471EF14-509E-4C83-86A3-D01B8F16EAF8}.Debug|Any CPU.ActiveCfg = Debug|Any CPU
		{D471EF14-509E-4C83-86A3-D01B8F16EAF8}.Debug|Any CPU.Build.0 = Debug|Any CPU
		{D471EF14-509E-4C83-86A3-D01B8F16EAF8}.Release|Any CPU.ActiveCfg = Release|Any CPU
		{D471EF14-509E-4C83-86A3-D01B8F16EAF8}.Release|Any CPU.Build.0 = Release|Any CPU
	EndGlobalSection
	GlobalSection(SolutionProperties) = preSolution
		HideSolutionNode = FALSE
	EndGlobalSection
	GlobalSection(NestedProjects) = preSolution
		{E6CC9851-EF32-4D4E-80BB-FF5DC6DDC0AC} = {E3688243-4C48-4727-874D-846FABED897E}
		{217BF849-DB52-4363-9117-0C8C80F9E0FB} = {E3688243-4C48-4727-874D-846FABED897E}
		{137E02C6-DF03-44C1-9E31-B2578E8FF68B} = {E3688243-4C48-4727-874D-846FABED897E}
	EndGlobalSection
EndGlobal
