
Microsoft Visual Studio Solution File, Format Version 12.00
# Visual Studio 2013
VisualStudioVersion = 12.0.31101.0
MinimumVisualStudioVersion = 10.0.40219.1
Project("{FAE04EC0-301F-11D3-BF4B-00C04F79EFBC}") = "CQRS", "CQRS\CQRS.csproj", "{2FADDADC-06BA-40AB-A031-B090FBD953E2}"
EndProject
Project("{2150E333-8FDC-42A3-9474-1A3956D46DE8}") = "Solution Items", "Solution Items", "{840BBCE1-BACE-47A9-98FB-F1FC044EFF3E}"
	ProjectSection(SolutionItems) = preProject
		readme.md = readme.md
	EndProjectSection
EndProject
Project("{FAE04EC0-301F-11D3-BF4B-00C04F79EFBC}") = "CQRS.Domain", "CQRS.Domain\CQRS.Domain.csproj", "{2FB03D5E-279F-48EB-B7C2-38E6B3940E94}"
EndProject
Project("{FAE04EC0-301F-11D3-BF4B-00C04F79EFBC}") = "CQRS.Commands", "CQRS.Commands\CQRS.Commands.csproj", "{186177D7-B5D5-4892-8778-CE5DAB49BF7D}"
EndProject
Project("{FAE04EC0-301F-11D3-BF4B-00C04F79EFBC}") = "CQRS.Views", "CQRS.Views\CQRS.Views.csproj", "{09DB595D-480E-44B2-97B1-CB5EA424F867}"
EndProject
Global
	GlobalSection(SolutionConfigurationPlatforms) = preSolution
		Debug|Any CPU = Debug|Any CPU
		Release|Any CPU = Release|Any CPU
	EndGlobalSection
	GlobalSection(ProjectConfigurationPlatforms) = postSolution
		{2FADDADC-06BA-40AB-A031-B090FBD953E2}.Debug|Any CPU.ActiveCfg = Debug|Any CPU
		{2FADDADC-06BA-40AB-A031-B090FBD953E2}.Debug|Any CPU.Build.0 = Debug|Any CPU
		{2FADDADC-06BA-40AB-A031-B090FBD953E2}.Release|Any CPU.ActiveCfg = Release|Any CPU
		{2FADDADC-06BA-40AB-A031-B090FBD953E2}.Release|Any CPU.Build.0 = Release|Any CPU
		{2FB03D5E-279F-48EB-B7C2-38E6B3940E94}.Debug|Any CPU.ActiveCfg = Debug|Any CPU
		{2FB03D5E-279F-48EB-B7C2-38E6B3940E94}.Debug|Any CPU.Build.0 = Debug|Any CPU
		{2FB03D5E-279F-48EB-B7C2-38E6B3940E94}.Release|Any CPU.ActiveCfg = Release|Any CPU
		{2FB03D5E-279F-48EB-B7C2-38E6B3940E94}.Release|Any CPU.Build.0 = Release|Any CPU
		{186177D7-B5D5-4892-8778-CE5DAB49BF7D}.Debug|Any CPU.ActiveCfg = Debug|Any CPU
		{186177D7-B5D5-4892-8778-CE5DAB49BF7D}.Debug|Any CPU.Build.0 = Debug|Any CPU
		{186177D7-B5D5-4892-8778-CE5DAB49BF7D}.Release|Any CPU.ActiveCfg = Release|Any CPU
		{186177D7-B5D5-4892-8778-CE5DAB49BF7D}.Release|Any CPU.Build.0 = Release|Any CPU
		{09DB595D-480E-44B2-97B1-CB5EA424F867}.Debug|Any CPU.ActiveCfg = Debug|Any CPU
		{09DB595D-480E-44B2-97B1-CB5EA424F867}.Debug|Any CPU.Build.0 = Debug|Any CPU
		{09DB595D-480E-44B2-97B1-CB5EA424F867}.Release|Any CPU.ActiveCfg = Release|Any CPU
		{09DB595D-480E-44B2-97B1-CB5EA424F867}.Release|Any CPU.Build.0 = Release|Any CPU
	EndGlobalSection
	GlobalSection(SolutionProperties) = preSolution
		HideSolutionNode = FALSE
	EndGlobalSection
EndGlobal
