
Microsoft Visual Studio Solution File, Format Version 12.00
# Visual Studio 2013
VisualStudioVersion = 12.0.30723.0
MinimumVisualStudioVersion = 10.0.40219.1
Project("{2150E333-8FDC-42A3-9474-1A3956D46DE8}") = "1 - RequestReply", "1 - RequestReply", "{EB69E1C8-4010-4C3D-8BD4-56FEF523C293}"
EndProject
Project("{FAE04EC0-301F-11D3-BF4B-00C04F79EFBC}") = "NSB01SampleSender", "NSB01SampleSender\NSB01SampleSender.csproj", "{75D07501-E577-4660-9CD7-C997A602047D}"
EndProject
Project("{FAE04EC0-301F-11D3-BF4B-00C04F79EFBC}") = "NSB01SampleReceiver", "NSB01SampleReceiver\NSB01SampleReceiver.csproj", "{25FA86FF-5D47-4804-B909-35641F2430E0}"
EndProject
Project("{FAE04EC0-301F-11D3-BF4B-00C04F79EFBC}") = "NSB01SampleMessages", "NSB01SampleMessages\NSB01SampleMessages.csproj", "{E14A9941-3D59-4A99-A8B0-15CE5C862C87}"
EndProject
Project("{2150E333-8FDC-42A3-9474-1A3956D46DE8}") = "2 - Events", "2 - Events", "{F874C814-3B6D-4FA8-AA29-A982307A8FEB}"
EndProject
Project("{FAE04EC0-301F-11D3-BF4B-00C04F79EFBC}") = "NSB02SampleMessages", "NSB02SampleMessages\NSB02SampleMessages.csproj", "{4E671CD1-7175-4B09-9ACF-41B8BEC5A4A4}"
EndProject
Project("{FAE04EC0-301F-11D3-BF4B-00C04F79EFBC}") = "NSB02CommandDispatcher", "NSB02CommandDispatcher\NSB02CommandDispatcher.csproj", "{5BD39B95-0BDD-4DA0-AE08-26C62F5301B2}"
EndProject
Project("{FAE04EC0-301F-11D3-BF4B-00C04F79EFBC}") = "NSB02CommandExecutor", "NSB02CommandExecutor\NSB02CommandExecutor.csproj", "{2583E7BA-F3DC-4AEB-8D7E-575F08B0F230}"
EndProject
Project("{FAE04EC0-301F-11D3-BF4B-00C04F79EFBC}") = "NSB02EventListener", "NSB02EventListener\NSB02EventListener.csproj", "{A71F4B11-16E6-4C78-9972-1A996755EF38}"
EndProject
Project("{2150E333-8FDC-42A3-9474-1A3956D46DE8}") = "3 - Timeouts", "3 - Timeouts", "{A1A5A32F-FD87-46C4-BDD1-7F9BE20253C6}"
EndProject
Project("{FAE04EC0-301F-11D3-BF4B-00C04F79EFBC}") = "NSB03SampleMessages", "NSB03SampleMessages\NSB03SampleMessages.csproj", "{54B4F0A2-3E0B-4B60-B108-579325ECC8D6}"
EndProject
Project("{FAE04EC0-301F-11D3-BF4B-00C04F79EFBC}") = "NSB03SampleSender", "NSB03SampleSender\NSB03SampleSender.csproj", "{3A8A180E-094C-49DB-8C54-7A6D25348078}"
EndProject
Project("{FAE04EC0-301F-11D3-BF4B-00C04F79EFBC}") = "NSB03SampleReceiver", "NSB03SampleReceiver\NSB03SampleReceiver.csproj", "{B79E5C5C-226F-420A-9B87-05825431B945}"
EndProject
Global
	GlobalSection(SolutionConfigurationPlatforms) = preSolution
		Debug|Any CPU = Debug|Any CPU
		Release|Any CPU = Release|Any CPU
	EndGlobalSection
	GlobalSection(ProjectConfigurationPlatforms) = postSolution
		{75D07501-E577-4660-9CD7-C997A602047D}.Debug|Any CPU.ActiveCfg = Debug|Any CPU
		{75D07501-E577-4660-9CD7-C997A602047D}.Debug|Any CPU.Build.0 = Debug|Any CPU
		{75D07501-E577-4660-9CD7-C997A602047D}.Release|Any CPU.ActiveCfg = Release|Any CPU
		{75D07501-E577-4660-9CD7-C997A602047D}.Release|Any CPU.Build.0 = Release|Any CPU
		{25FA86FF-5D47-4804-B909-35641F2430E0}.Debug|Any CPU.ActiveCfg = Debug|Any CPU
		{25FA86FF-5D47-4804-B909-35641F2430E0}.Debug|Any CPU.Build.0 = Debug|Any CPU
		{25FA86FF-5D47-4804-B909-35641F2430E0}.Release|Any CPU.ActiveCfg = Release|Any CPU
		{25FA86FF-5D47-4804-B909-35641F2430E0}.Release|Any CPU.Build.0 = Release|Any CPU
		{E14A9941-3D59-4A99-A8B0-15CE5C862C87}.Debug|Any CPU.ActiveCfg = Debug|Any CPU
		{E14A9941-3D59-4A99-A8B0-15CE5C862C87}.Debug|Any CPU.Build.0 = Debug|Any CPU
		{E14A9941-3D59-4A99-A8B0-15CE5C862C87}.Release|Any CPU.ActiveCfg = Release|Any CPU
		{E14A9941-3D59-4A99-A8B0-15CE5C862C87}.Release|Any CPU.Build.0 = Release|Any CPU
		{4E671CD1-7175-4B09-9ACF-41B8BEC5A4A4}.Debug|Any CPU.ActiveCfg = Debug|Any CPU
		{4E671CD1-7175-4B09-9ACF-41B8BEC5A4A4}.Debug|Any CPU.Build.0 = Debug|Any CPU
		{4E671CD1-7175-4B09-9ACF-41B8BEC5A4A4}.Release|Any CPU.ActiveCfg = Release|Any CPU
		{4E671CD1-7175-4B09-9ACF-41B8BEC5A4A4}.Release|Any CPU.Build.0 = Release|Any CPU
		{5BD39B95-0BDD-4DA0-AE08-26C62F5301B2}.Debug|Any CPU.ActiveCfg = Debug|Any CPU
		{5BD39B95-0BDD-4DA0-AE08-26C62F5301B2}.Debug|Any CPU.Build.0 = Debug|Any CPU
		{5BD39B95-0BDD-4DA0-AE08-26C62F5301B2}.Release|Any CPU.ActiveCfg = Release|Any CPU
		{5BD39B95-0BDD-4DA0-AE08-26C62F5301B2}.Release|Any CPU.Build.0 = Release|Any CPU
		{2583E7BA-F3DC-4AEB-8D7E-575F08B0F230}.Debug|Any CPU.ActiveCfg = Debug|Any CPU
		{2583E7BA-F3DC-4AEB-8D7E-575F08B0F230}.Debug|Any CPU.Build.0 = Debug|Any CPU
		{2583E7BA-F3DC-4AEB-8D7E-575F08B0F230}.Release|Any CPU.ActiveCfg = Release|Any CPU
		{2583E7BA-F3DC-4AEB-8D7E-575F08B0F230}.Release|Any CPU.Build.0 = Release|Any CPU
		{A71F4B11-16E6-4C78-9972-1A996755EF38}.Debug|Any CPU.ActiveCfg = Debug|Any CPU
		{A71F4B11-16E6-4C78-9972-1A996755EF38}.Debug|Any CPU.Build.0 = Debug|Any CPU
		{A71F4B11-16E6-4C78-9972-1A996755EF38}.Release|Any CPU.ActiveCfg = Release|Any CPU
		{A71F4B11-16E6-4C78-9972-1A996755EF38}.Release|Any CPU.Build.0 = Release|Any CPU
		{54B4F0A2-3E0B-4B60-B108-579325ECC8D6}.Debug|Any CPU.ActiveCfg = Debug|Any CPU
		{54B4F0A2-3E0B-4B60-B108-579325ECC8D6}.Debug|Any CPU.Build.0 = Debug|Any CPU
		{54B4F0A2-3E0B-4B60-B108-579325ECC8D6}.Release|Any CPU.ActiveCfg = Release|Any CPU
		{54B4F0A2-3E0B-4B60-B108-579325ECC8D6}.Release|Any CPU.Build.0 = Release|Any CPU
		{3A8A180E-094C-49DB-8C54-7A6D25348078}.Debug|Any CPU.ActiveCfg = Debug|Any CPU
		{3A8A180E-094C-49DB-8C54-7A6D25348078}.Debug|Any CPU.Build.0 = Debug|Any CPU
		{3A8A180E-094C-49DB-8C54-7A6D25348078}.Release|Any CPU.ActiveCfg = Release|Any CPU
		{3A8A180E-094C-49DB-8C54-7A6D25348078}.Release|Any CPU.Build.0 = Release|Any CPU
		{B79E5C5C-226F-420A-9B87-05825431B945}.Debug|Any CPU.ActiveCfg = Debug|Any CPU
		{B79E5C5C-226F-420A-9B87-05825431B945}.Debug|Any CPU.Build.0 = Debug|Any CPU
		{B79E5C5C-226F-420A-9B87-05825431B945}.Release|Any CPU.ActiveCfg = Release|Any CPU
		{B79E5C5C-226F-420A-9B87-05825431B945}.Release|Any CPU.Build.0 = Release|Any CPU
	EndGlobalSection
	GlobalSection(SolutionProperties) = preSolution
		HideSolutionNode = FALSE
	EndGlobalSection
	GlobalSection(NestedProjects) = preSolution
		{75D07501-E577-4660-9CD7-C997A602047D} = {EB69E1C8-4010-4C3D-8BD4-56FEF523C293}
		{25FA86FF-5D47-4804-B909-35641F2430E0} = {EB69E1C8-4010-4C3D-8BD4-56FEF523C293}
		{E14A9941-3D59-4A99-A8B0-15CE5C862C87} = {EB69E1C8-4010-4C3D-8BD4-56FEF523C293}
		{4E671CD1-7175-4B09-9ACF-41B8BEC5A4A4} = {F874C814-3B6D-4FA8-AA29-A982307A8FEB}
		{5BD39B95-0BDD-4DA0-AE08-26C62F5301B2} = {F874C814-3B6D-4FA8-AA29-A982307A8FEB}
		{2583E7BA-F3DC-4AEB-8D7E-575F08B0F230} = {F874C814-3B6D-4FA8-AA29-A982307A8FEB}
		{A71F4B11-16E6-4C78-9972-1A996755EF38} = {F874C814-3B6D-4FA8-AA29-A982307A8FEB}
		{54B4F0A2-3E0B-4B60-B108-579325ECC8D6} = {A1A5A32F-FD87-46C4-BDD1-7F9BE20253C6}
		{3A8A180E-094C-49DB-8C54-7A6D25348078} = {A1A5A32F-FD87-46C4-BDD1-7F9BE20253C6}
		{B79E5C5C-226F-420A-9B87-05825431B945} = {A1A5A32F-FD87-46C4-BDD1-7F9BE20253C6}
	EndGlobalSection
EndGlobal
