
Microsoft Visual Studio Solution File, Format Version 12.00
# Visual Studio 2013
VisualStudioVersion = 12.0.30723.0
MinimumVisualStudioVersion = 10.0.40219.1
Project("{2150E333-8FDC-42A3-9474-1A3956D46DE8}") = "01 - v4 - RequestReply", "01 - v4 - RequestReply", "{EB69E1C8-4010-4C3D-8BD4-56FEF523C293}"
	ProjectSection(SolutionItems) = preProject
		1 - RequestReply Readme.md = 1 - RequestReply Readme.md
	EndProjectSection
EndProject
Project("{FAE04EC0-301F-11D3-BF4B-00C04F79EFBC}") = "NSB01SampleSender", "v4\NSB01SampleSender\NSB01SampleSender.csproj", "{75D07501-E577-4660-9CD7-C997A602047D}"
EndProject
Project("{FAE04EC0-301F-11D3-BF4B-00C04F79EFBC}") = "NSB01SampleReceiver", "v4\NSB01SampleReceiver\NSB01SampleReceiver.csproj", "{25FA86FF-5D47-4804-B909-35641F2430E0}"
EndProject
Project("{FAE04EC0-301F-11D3-BF4B-00C04F79EFBC}") = "NSB01SampleMessages", "v4\NSB01SampleMessages\NSB01SampleMessages.csproj", "{E14A9941-3D59-4A99-A8B0-15CE5C862C87}"
EndProject
Project("{2150E333-8FDC-42A3-9474-1A3956D46DE8}") = "02 - v4 - Events", "02 - v4 - Events", "{F874C814-3B6D-4FA8-AA29-A982307A8FEB}"
	ProjectSection(SolutionItems) = preProject
		2 - Events Readme.md = 2 - Events Readme.md
	EndProjectSection
EndProject
Project("{FAE04EC0-301F-11D3-BF4B-00C04F79EFBC}") = "NSB02SampleMessages", "v4\NSB02SampleMessages\NSB02SampleMessages.csproj", "{4E671CD1-7175-4B09-9ACF-41B8BEC5A4A4}"
EndProject
Project("{FAE04EC0-301F-11D3-BF4B-00C04F79EFBC}") = "NSB02CommandDispatcher", "v4\NSB02CommandDispatcher\NSB02CommandDispatcher.csproj", "{5BD39B95-0BDD-4DA0-AE08-26C62F5301B2}"
EndProject
Project("{FAE04EC0-301F-11D3-BF4B-00C04F79EFBC}") = "NSB02CommandExecutor", "v4\NSB02CommandExecutor\NSB02CommandExecutor.csproj", "{2583E7BA-F3DC-4AEB-8D7E-575F08B0F230}"
EndProject
Project("{FAE04EC0-301F-11D3-BF4B-00C04F79EFBC}") = "NSB02EventListener", "v4\NSB02EventListener\NSB02EventListener.csproj", "{A71F4B11-16E6-4C78-9972-1A996755EF38}"
EndProject
Project("{2150E333-8FDC-42A3-9474-1A3956D46DE8}") = "03 - v4 - Error Handling", "03 - v4 - Error Handling", "{A1A5A32F-FD87-46C4-BDD1-7F9BE20253C6}"
	ProjectSection(SolutionItems) = preProject
		3 - Error Handling.md = 3 - Error Handling.md
	EndProjectSection
EndProject
Project("{FAE04EC0-301F-11D3-BF4B-00C04F79EFBC}") = "NSB03SampleMessages", "v4\NSB03SampleMessages\NSB03SampleMessages.csproj", "{54B4F0A2-3E0B-4B60-B108-579325ECC8D6}"
EndProject
Project("{FAE04EC0-301F-11D3-BF4B-00C04F79EFBC}") = "NSB03SampleSender", "v4\NSB03SampleSender\NSB03SampleSender.csproj", "{3A8A180E-094C-49DB-8C54-7A6D25348078}"
EndProject
Project("{FAE04EC0-301F-11D3-BF4B-00C04F79EFBC}") = "NSB03SampleReceiver", "v4\NSB03SampleReceiver\NSB03SampleReceiver.csproj", "{B79E5C5C-226F-420A-9B87-05825431B945}"
EndProject
Project("{2150E333-8FDC-42A3-9474-1A3956D46DE8}") = "04 - v4 - Scale-out", "04 - v4 - Scale-out", "{F6BCEC87-BDE3-46A5-ACBC-CA78F7346B0C}"
	ProjectSection(SolutionItems) = preProject
		4 - Scale-out.md = 4 - Scale-out.md
	EndProjectSection
EndProject
Project("{FAE04EC0-301F-11D3-BF4B-00C04F79EFBC}") = "NSB04SampleMessages", "v4\NSB04SampleMessages\NSB04SampleMessages.csproj", "{6F6F7AF6-9686-4F33-A159-C3397341D768}"
EndProject
Project("{FAE04EC0-301F-11D3-BF4B-00C04F79EFBC}") = "NSB04SampleSender", "v4\NSB04SampleSender\NSB04SampleSender.csproj", "{710C343D-FF81-43A2-9FC6-9FE01BCCEC75}"
EndProject
Project("{FAE04EC0-301F-11D3-BF4B-00C04F79EFBC}") = "NSB04SampleReceiver", "v4\NSB04SampleReceiver\NSB04SampleReceiver.csproj", "{82022AEC-43FA-49C7-96CF-30672F9F4F72}"
EndProject
Project("{2150E333-8FDC-42A3-9474-1A3956D46DE8}") = "05 - v4 - Sagas", "05 - v4 - Sagas", "{32B49DD0-3E1C-4F08-B7BD-18994F3D71C5}"
	ProjectSection(SolutionItems) = preProject
		5 - Sagas.md = 5 - Sagas.md
	EndProjectSection
EndProject
Project("{FAE04EC0-301F-11D3-BF4B-00C04F79EFBC}") = "NSB05OrderManager", "v4\NSB05OrderManager\NSB05OrderManager.csproj", "{27296AC9-778F-4B5E-8A48-2A6D3485F87F}"
EndProject
Project("{FAE04EC0-301F-11D3-BF4B-00C04F79EFBC}") = "NSB05CustomerCare", "v4\NSB05CustomerCare\NSB05CustomerCare.csproj", "{E8B6D012-2EDF-4874-9A34-A81ACF31DCAE}"
EndProject
Project("{FAE04EC0-301F-11D3-BF4B-00C04F79EFBC}") = "NSB05WarehouseService", "v4\NSB05WarehouseService\NSB05WarehouseService.csproj", "{5A1A7491-E30E-4079-94BB-0162353DBCCF}"
EndProject
Project("{FAE04EC0-301F-11D3-BF4B-00C04F79EFBC}") = "NSB05ShippingService", "v4\NSB05ShippingService\NSB05ShippingService.csproj", "{FDF0CD78-DC20-4951-8FEB-381951A91534}"
EndProject
Project("{FAE04EC0-301F-11D3-BF4B-00C04F79EFBC}") = "NSB05Customer", "v4\NSB05Customer\NSB05Customer.csproj", "{7CC700B6-C86A-4827-AC12-EF996F37ABE6}"
EndProject
Project("{FAE04EC0-301F-11D3-BF4B-00C04F79EFBC}") = "NSB05WarehouseService.Messages", "v4\NSB05WarehouseService.Messages\NSB05WarehouseService.Messages.csproj", "{87DEFBFC-5B27-4B21-AA62-A4991FCA346C}"
EndProject
Project("{FAE04EC0-301F-11D3-BF4B-00C04F79EFBC}") = "NSB05ShippingService.Messages", "v4\NSB05ShippingService.Messages\NSB05ShippingService.Messages.csproj", "{FB3D80B6-761E-4BFD-B6C8-A07B959EAE20}"
EndProject
Project("{FAE04EC0-301F-11D3-BF4B-00C04F79EFBC}") = "NSB05OrderManager.Messages", "v4\NSB05OrderManager.Messages\NSB05OrderManager.Messages.csproj", "{9E1C03AE-DC4C-4769-B918-C644D9FE7C6C}"
EndProject
Project("{2150E333-8FDC-42A3-9474-1A3956D46DE8}") = "Messages", "Messages", "{37E6FE18-ED0D-41D2-809F-89D8DCB24690}"
EndProject
Project("{FAE04EC0-301F-11D3-BF4B-00C04F79EFBC}") = "NSB05Common", "v4\NSB05Common\NSB05Common.csproj", "{BF60E2B2-B0F3-4905-B0C0-3077222CDE94}"
EndProject
Project("{FAE04EC0-301F-11D3-BF4B-00C04F79EFBC}") = "NSB05Customer.Messages", "v4\NSB05Customer.Messages\NSB05Customer.Messages.csproj", "{E3870926-F9F8-4EAA-885E-90B8184CBE70}"
EndProject
Project("{2150E333-8FDC-42A3-9474-1A3956D46DE8}") = "06 - v4 - Hosting", "06 - v4 - Hosting", "{3FD0D3B0-57D9-4C23-8C4A-6CC878C395A5}"
EndProject
Project("{2150E333-8FDC-42A3-9474-1A3956D46DE8}") = "01 - v5 - Hosting", "01 - v5 - Hosting", "{F28E1741-BA2C-491B-96B3-BBA8F56C4030}"
EndProject
Project("{FAE04EC0-301F-11D3-BF4B-00C04F79EFBC}") = "NSB06BuiltinHost", "v4\NSB06BuiltinHost\NSB06BuiltinHost.csproj", "{7FDB493D-1E54-4D39-9E30-0F466BFB75F3}"
EndProject
Project("{FAE04EC0-301F-11D3-BF4B-00C04F79EFBC}") = "NSB06SelfHost", "v4\NSB06SelfHost\NSB06SelfHost.csproj", "{3B72C9EB-9EB7-4DB2-A2FC-0EA8BEBA261C}"
EndProject
Project("{2150E333-8FDC-42A3-9474-1A3956D46DE8}") = "07 - v4 - Configuration Customization", "07 - v4 - Configuration Customization", "{3EFC481E-F796-4EFE-98A8-64C5C98502DC}"
EndProject
Project("{FAE04EC0-301F-11D3-BF4B-00C04F79EFBC}") = "NSB07CustomConfig", "v4\NSB07CustomConfig\NSB07CustomConfig.csproj", "{76AED22E-5C08-4867-9F08-304A26EA2E03}"
EndProject
Project("{2150E333-8FDC-42A3-9474-1A3956D46DE8}") = "08 - v4 - Message Mutator", "08 - v4 - Message Mutator", "{497A4694-2854-41CD-BEBD-7FE7B0DBCA54}"
EndProject
Project("{FAE04EC0-301F-11D3-BF4B-00C04F79EFBC}") = "NSB08MutatorExtensibility", "v4\NSB08MutatorExtensibility\NSB08MutatorExtensibility.csproj", "{9668F017-4086-49D0-BCB4-447089322271}"
EndProject
Project("{FAE04EC0-301F-11D3-BF4B-00C04F79EFBC}") = "NSB08UnitOfWork", "v4\NSB08UnitOfWork\NSB08UnitOfWork.csproj", "{3955E199-3596-435B-89F5-026B5D7F86FA}"
EndProject
Project("{FAE04EC0-301F-11D3-BF4B-00C04F79EFBC}") = "NSB01BuiltinHost", "v5\NSB01BuiltinHost\NSB01BuiltinHost.csproj", "{72C615C5-4FC9-4629-96D9-142EBEDB6C84}"
EndProject
Project("{FAE04EC0-301F-11D3-BF4B-00C04F79EFBC}") = "NSB01SelfHost", "v5\NSB01SelfHost\NSB01SelfHost.csproj", "{428686FA-902D-4266-B450-9A202D0C002E}"
EndProject
Project("{2150E333-8FDC-42A3-9474-1A3956D46DE8}") = "02 - v5 - Pipeline", "02 - v5 - Pipeline", "{F527C872-334D-48F5-92BA-D0B5697B4A9A}"
EndProject
Project("{FAE04EC0-301F-11D3-BF4B-00C04F79EFBC}") = "NSB02Pipeline", "v5\NSB02Pipeline\NSB02Pipeline.csproj", "{15822CA9-7384-4121-9AA8-FBC9DD54D701}"
EndProject
Project("{2150E333-8FDC-42A3-9474-1A3956D46DE8}") = "03 - v5 - Features", "03 - v5 - Features", "{E0A80117-33DE-4DCC-A9D5-4B8657AA81B8}"
EndProject
Project("{FAE04EC0-301F-11D3-BF4B-00C04F79EFBC}") = "NSB03Features", "v5\NSB03Features\NSB03Features.csproj", "{4EA6C3E8-89F3-4054-8A50-93E48A88FF12}"
EndProject
Project("{2150E333-8FDC-42A3-9474-1A3956D46DE8}") = "04 - v5 - RavenDB", "04 - v5 - RavenDB", "{85755665-1EE2-42E2-A692-78680149E81D}"
EndProject
Project("{FAE04EC0-301F-11D3-BF4B-00C04F79EFBC}") = "NSB04RavenDB", "v5\NSB04RavenDB\NSB04RavenDB.csproj", "{88D31EE3-F61B-4EFE-908C-E8DCF2802F8D}"
EndProject
Project("{2150E333-8FDC-42A3-9474-1A3956D46DE8}") = "v4", "v4", "{8F738140-D610-4691-B553-19857DEE16C3}"
EndProject
Project("{2150E333-8FDC-42A3-9474-1A3956D46DE8}") = "v5", "v5", "{02FD99B0-C4F3-49D7-9964-35EF813A6B9A}"
EndProject
Global
	GlobalSection(SolutionConfigurationPlatforms) = preSolution
		Debug|Any CPU = Debug|Any CPU
		Release|Any CPU = Release|Any CPU
	EndGlobalSection
	GlobalSection(ProjectConfigurationPlatforms) = postSolution
		{75D07501-E577-4660-9CD7-C997A602047D}.Debug|Any CPU.ActiveCfg = Debug|Any CPU
		{75D07501-E577-4660-9CD7-C997A602047D}.Debug|Any CPU.Build.0 = Debug|Any CPU
		{75D07501-E577-4660-9CD7-C997A602047D}.Release|Any CPU.ActiveCfg = Release|Any CPU
		{75D07501-E577-4660-9CD7-C997A602047D}.Release|Any CPU.Build.0 = Release|Any CPU
		{25FA86FF-5D47-4804-B909-35641F2430E0}.Debug|Any CPU.ActiveCfg = Debug|Any CPU
		{25FA86FF-5D47-4804-B909-35641F2430E0}.Debug|Any CPU.Build.0 = Debug|Any CPU
		{25FA86FF-5D47-4804-B909-35641F2430E0}.Release|Any CPU.ActiveCfg = Release|Any CPU
		{25FA86FF-5D47-4804-B909-35641F2430E0}.Release|Any CPU.Build.0 = Release|Any CPU
		{E14A9941-3D59-4A99-A8B0-15CE5C862C87}.Debug|Any CPU.ActiveCfg = Debug|Any CPU
		{E14A9941-3D59-4A99-A8B0-15CE5C862C87}.Debug|Any CPU.Build.0 = Debug|Any CPU
		{E14A9941-3D59-4A99-A8B0-15CE5C862C87}.Release|Any CPU.ActiveCfg = Release|Any CPU
		{E14A9941-3D59-4A99-A8B0-15CE5C862C87}.Release|Any CPU.Build.0 = Release|Any CPU
		{4E671CD1-7175-4B09-9ACF-41B8BEC5A4A4}.Debug|Any CPU.ActiveCfg = Debug|Any CPU
		{4E671CD1-7175-4B09-9ACF-41B8BEC5A4A4}.Debug|Any CPU.Build.0 = Debug|Any CPU
		{4E671CD1-7175-4B09-9ACF-41B8BEC5A4A4}.Release|Any CPU.ActiveCfg = Release|Any CPU
		{4E671CD1-7175-4B09-9ACF-41B8BEC5A4A4}.Release|Any CPU.Build.0 = Release|Any CPU
		{5BD39B95-0BDD-4DA0-AE08-26C62F5301B2}.Debug|Any CPU.ActiveCfg = Debug|Any CPU
		{5BD39B95-0BDD-4DA0-AE08-26C62F5301B2}.Debug|Any CPU.Build.0 = Debug|Any CPU
		{5BD39B95-0BDD-4DA0-AE08-26C62F5301B2}.Release|Any CPU.ActiveCfg = Release|Any CPU
		{5BD39B95-0BDD-4DA0-AE08-26C62F5301B2}.Release|Any CPU.Build.0 = Release|Any CPU
		{2583E7BA-F3DC-4AEB-8D7E-575F08B0F230}.Debug|Any CPU.ActiveCfg = Debug|Any CPU
		{2583E7BA-F3DC-4AEB-8D7E-575F08B0F230}.Debug|Any CPU.Build.0 = Debug|Any CPU
		{2583E7BA-F3DC-4AEB-8D7E-575F08B0F230}.Release|Any CPU.ActiveCfg = Release|Any CPU
		{2583E7BA-F3DC-4AEB-8D7E-575F08B0F230}.Release|Any CPU.Build.0 = Release|Any CPU
		{A71F4B11-16E6-4C78-9972-1A996755EF38}.Debug|Any CPU.ActiveCfg = Debug|Any CPU
		{A71F4B11-16E6-4C78-9972-1A996755EF38}.Debug|Any CPU.Build.0 = Debug|Any CPU
		{A71F4B11-16E6-4C78-9972-1A996755EF38}.Release|Any CPU.ActiveCfg = Release|Any CPU
		{A71F4B11-16E6-4C78-9972-1A996755EF38}.Release|Any CPU.Build.0 = Release|Any CPU
		{54B4F0A2-3E0B-4B60-B108-579325ECC8D6}.Debug|Any CPU.ActiveCfg = Debug|Any CPU
		{54B4F0A2-3E0B-4B60-B108-579325ECC8D6}.Debug|Any CPU.Build.0 = Debug|Any CPU
		{54B4F0A2-3E0B-4B60-B108-579325ECC8D6}.Release|Any CPU.ActiveCfg = Release|Any CPU
		{54B4F0A2-3E0B-4B60-B108-579325ECC8D6}.Release|Any CPU.Build.0 = Release|Any CPU
		{3A8A180E-094C-49DB-8C54-7A6D25348078}.Debug|Any CPU.ActiveCfg = Debug|Any CPU
		{3A8A180E-094C-49DB-8C54-7A6D25348078}.Debug|Any CPU.Build.0 = Debug|Any CPU
		{3A8A180E-094C-49DB-8C54-7A6D25348078}.Release|Any CPU.ActiveCfg = Release|Any CPU
		{3A8A180E-094C-49DB-8C54-7A6D25348078}.Release|Any CPU.Build.0 = Release|Any CPU
		{B79E5C5C-226F-420A-9B87-05825431B945}.Debug|Any CPU.ActiveCfg = Debug|Any CPU
		{B79E5C5C-226F-420A-9B87-05825431B945}.Debug|Any CPU.Build.0 = Debug|Any CPU
		{B79E5C5C-226F-420A-9B87-05825431B945}.Release|Any CPU.ActiveCfg = Release|Any CPU
		{B79E5C5C-226F-420A-9B87-05825431B945}.Release|Any CPU.Build.0 = Release|Any CPU
		{6F6F7AF6-9686-4F33-A159-C3397341D768}.Debug|Any CPU.ActiveCfg = Debug|Any CPU
		{6F6F7AF6-9686-4F33-A159-C3397341D768}.Debug|Any CPU.Build.0 = Debug|Any CPU
		{6F6F7AF6-9686-4F33-A159-C3397341D768}.Release|Any CPU.ActiveCfg = Release|Any CPU
		{6F6F7AF6-9686-4F33-A159-C3397341D768}.Release|Any CPU.Build.0 = Release|Any CPU
		{710C343D-FF81-43A2-9FC6-9FE01BCCEC75}.Debug|Any CPU.ActiveCfg = Debug|Any CPU
		{710C343D-FF81-43A2-9FC6-9FE01BCCEC75}.Debug|Any CPU.Build.0 = Debug|Any CPU
		{710C343D-FF81-43A2-9FC6-9FE01BCCEC75}.Release|Any CPU.ActiveCfg = Release|Any CPU
		{710C343D-FF81-43A2-9FC6-9FE01BCCEC75}.Release|Any CPU.Build.0 = Release|Any CPU
		{82022AEC-43FA-49C7-96CF-30672F9F4F72}.Debug|Any CPU.ActiveCfg = Debug|Any CPU
		{82022AEC-43FA-49C7-96CF-30672F9F4F72}.Debug|Any CPU.Build.0 = Debug|Any CPU
		{82022AEC-43FA-49C7-96CF-30672F9F4F72}.Release|Any CPU.ActiveCfg = Release|Any CPU
		{82022AEC-43FA-49C7-96CF-30672F9F4F72}.Release|Any CPU.Build.0 = Release|Any CPU
		{27296AC9-778F-4B5E-8A48-2A6D3485F87F}.Debug|Any CPU.ActiveCfg = Debug|Any CPU
		{27296AC9-778F-4B5E-8A48-2A6D3485F87F}.Debug|Any CPU.Build.0 = Debug|Any CPU
		{27296AC9-778F-4B5E-8A48-2A6D3485F87F}.Release|Any CPU.ActiveCfg = Release|Any CPU
		{27296AC9-778F-4B5E-8A48-2A6D3485F87F}.Release|Any CPU.Build.0 = Release|Any CPU
		{E8B6D012-2EDF-4874-9A34-A81ACF31DCAE}.Debug|Any CPU.ActiveCfg = Debug|Any CPU
		{E8B6D012-2EDF-4874-9A34-A81ACF31DCAE}.Debug|Any CPU.Build.0 = Debug|Any CPU
		{E8B6D012-2EDF-4874-9A34-A81ACF31DCAE}.Release|Any CPU.ActiveCfg = Release|Any CPU
		{E8B6D012-2EDF-4874-9A34-A81ACF31DCAE}.Release|Any CPU.Build.0 = Release|Any CPU
		{5A1A7491-E30E-4079-94BB-0162353DBCCF}.Debug|Any CPU.ActiveCfg = Debug|Any CPU
		{5A1A7491-E30E-4079-94BB-0162353DBCCF}.Debug|Any CPU.Build.0 = Debug|Any CPU
		{5A1A7491-E30E-4079-94BB-0162353DBCCF}.Release|Any CPU.ActiveCfg = Release|Any CPU
		{5A1A7491-E30E-4079-94BB-0162353DBCCF}.Release|Any CPU.Build.0 = Release|Any CPU
		{FDF0CD78-DC20-4951-8FEB-381951A91534}.Debug|Any CPU.ActiveCfg = Debug|Any CPU
		{FDF0CD78-DC20-4951-8FEB-381951A91534}.Debug|Any CPU.Build.0 = Debug|Any CPU
		{FDF0CD78-DC20-4951-8FEB-381951A91534}.Release|Any CPU.ActiveCfg = Release|Any CPU
		{FDF0CD78-DC20-4951-8FEB-381951A91534}.Release|Any CPU.Build.0 = Release|Any CPU
		{7CC700B6-C86A-4827-AC12-EF996F37ABE6}.Debug|Any CPU.ActiveCfg = Debug|Any CPU
		{7CC700B6-C86A-4827-AC12-EF996F37ABE6}.Debug|Any CPU.Build.0 = Debug|Any CPU
		{7CC700B6-C86A-4827-AC12-EF996F37ABE6}.Release|Any CPU.ActiveCfg = Release|Any CPU
		{7CC700B6-C86A-4827-AC12-EF996F37ABE6}.Release|Any CPU.Build.0 = Release|Any CPU
		{87DEFBFC-5B27-4B21-AA62-A4991FCA346C}.Debug|Any CPU.ActiveCfg = Debug|Any CPU
		{87DEFBFC-5B27-4B21-AA62-A4991FCA346C}.Debug|Any CPU.Build.0 = Debug|Any CPU
		{87DEFBFC-5B27-4B21-AA62-A4991FCA346C}.Release|Any CPU.ActiveCfg = Release|Any CPU
		{87DEFBFC-5B27-4B21-AA62-A4991FCA346C}.Release|Any CPU.Build.0 = Release|Any CPU
		{FB3D80B6-761E-4BFD-B6C8-A07B959EAE20}.Debug|Any CPU.ActiveCfg = Debug|Any CPU
		{FB3D80B6-761E-4BFD-B6C8-A07B959EAE20}.Debug|Any CPU.Build.0 = Debug|Any CPU
		{FB3D80B6-761E-4BFD-B6C8-A07B959EAE20}.Release|Any CPU.ActiveCfg = Release|Any CPU
		{FB3D80B6-761E-4BFD-B6C8-A07B959EAE20}.Release|Any CPU.Build.0 = Release|Any CPU
		{9E1C03AE-DC4C-4769-B918-C644D9FE7C6C}.Debug|Any CPU.ActiveCfg = Debug|Any CPU
		{9E1C03AE-DC4C-4769-B918-C644D9FE7C6C}.Debug|Any CPU.Build.0 = Debug|Any CPU
		{9E1C03AE-DC4C-4769-B918-C644D9FE7C6C}.Release|Any CPU.ActiveCfg = Release|Any CPU
		{9E1C03AE-DC4C-4769-B918-C644D9FE7C6C}.Release|Any CPU.Build.0 = Release|Any CPU
		{BF60E2B2-B0F3-4905-B0C0-3077222CDE94}.Debug|Any CPU.ActiveCfg = Debug|Any CPU
		{BF60E2B2-B0F3-4905-B0C0-3077222CDE94}.Debug|Any CPU.Build.0 = Debug|Any CPU
		{BF60E2B2-B0F3-4905-B0C0-3077222CDE94}.Release|Any CPU.ActiveCfg = Release|Any CPU
		{BF60E2B2-B0F3-4905-B0C0-3077222CDE94}.Release|Any CPU.Build.0 = Release|Any CPU
		{E3870926-F9F8-4EAA-885E-90B8184CBE70}.Debug|Any CPU.ActiveCfg = Debug|Any CPU
		{E3870926-F9F8-4EAA-885E-90B8184CBE70}.Debug|Any CPU.Build.0 = Debug|Any CPU
		{E3870926-F9F8-4EAA-885E-90B8184CBE70}.Release|Any CPU.ActiveCfg = Release|Any CPU
		{E3870926-F9F8-4EAA-885E-90B8184CBE70}.Release|Any CPU.Build.0 = Release|Any CPU
		{7FDB493D-1E54-4D39-9E30-0F466BFB75F3}.Debug|Any CPU.ActiveCfg = Debug|Any CPU
		{7FDB493D-1E54-4D39-9E30-0F466BFB75F3}.Debug|Any CPU.Build.0 = Debug|Any CPU
		{7FDB493D-1E54-4D39-9E30-0F466BFB75F3}.Release|Any CPU.ActiveCfg = Release|Any CPU
		{7FDB493D-1E54-4D39-9E30-0F466BFB75F3}.Release|Any CPU.Build.0 = Release|Any CPU
		{3B72C9EB-9EB7-4DB2-A2FC-0EA8BEBA261C}.Debug|Any CPU.ActiveCfg = Debug|Any CPU
		{3B72C9EB-9EB7-4DB2-A2FC-0EA8BEBA261C}.Debug|Any CPU.Build.0 = Debug|Any CPU
		{3B72C9EB-9EB7-4DB2-A2FC-0EA8BEBA261C}.Release|Any CPU.ActiveCfg = Release|Any CPU
		{3B72C9EB-9EB7-4DB2-A2FC-0EA8BEBA261C}.Release|Any CPU.Build.0 = Release|Any CPU
		{76AED22E-5C08-4867-9F08-304A26EA2E03}.Debug|Any CPU.ActiveCfg = Debug|Any CPU
		{76AED22E-5C08-4867-9F08-304A26EA2E03}.Debug|Any CPU.Build.0 = Debug|Any CPU
		{76AED22E-5C08-4867-9F08-304A26EA2E03}.Release|Any CPU.ActiveCfg = Release|Any CPU
		{76AED22E-5C08-4867-9F08-304A26EA2E03}.Release|Any CPU.Build.0 = Release|Any CPU
		{9668F017-4086-49D0-BCB4-447089322271}.Debug|Any CPU.ActiveCfg = Debug|Any CPU
		{9668F017-4086-49D0-BCB4-447089322271}.Debug|Any CPU.Build.0 = Debug|Any CPU
		{9668F017-4086-49D0-BCB4-447089322271}.Release|Any CPU.ActiveCfg = Release|Any CPU
		{9668F017-4086-49D0-BCB4-447089322271}.Release|Any CPU.Build.0 = Release|Any CPU
		{3955E199-3596-435B-89F5-026B5D7F86FA}.Debug|Any CPU.ActiveCfg = Debug|Any CPU
		{3955E199-3596-435B-89F5-026B5D7F86FA}.Debug|Any CPU.Build.0 = Debug|Any CPU
		{3955E199-3596-435B-89F5-026B5D7F86FA}.Release|Any CPU.ActiveCfg = Release|Any CPU
		{3955E199-3596-435B-89F5-026B5D7F86FA}.Release|Any CPU.Build.0 = Release|Any CPU
		{72C615C5-4FC9-4629-96D9-142EBEDB6C84}.Debug|Any CPU.ActiveCfg = Debug|Any CPU
		{72C615C5-4FC9-4629-96D9-142EBEDB6C84}.Debug|Any CPU.Build.0 = Debug|Any CPU
		{72C615C5-4FC9-4629-96D9-142EBEDB6C84}.Release|Any CPU.ActiveCfg = Release|Any CPU
		{72C615C5-4FC9-4629-96D9-142EBEDB6C84}.Release|Any CPU.Build.0 = Release|Any CPU
		{428686FA-902D-4266-B450-9A202D0C002E}.Debug|Any CPU.ActiveCfg = Debug|Any CPU
		{428686FA-902D-4266-B450-9A202D0C002E}.Debug|Any CPU.Build.0 = Debug|Any CPU
		{428686FA-902D-4266-B450-9A202D0C002E}.Release|Any CPU.ActiveCfg = Release|Any CPU
		{428686FA-902D-4266-B450-9A202D0C002E}.Release|Any CPU.Build.0 = Release|Any CPU
		{15822CA9-7384-4121-9AA8-FBC9DD54D701}.Debug|Any CPU.ActiveCfg = Debug|Any CPU
		{15822CA9-7384-4121-9AA8-FBC9DD54D701}.Debug|Any CPU.Build.0 = Debug|Any CPU
		{15822CA9-7384-4121-9AA8-FBC9DD54D701}.Release|Any CPU.ActiveCfg = Release|Any CPU
		{15822CA9-7384-4121-9AA8-FBC9DD54D701}.Release|Any CPU.Build.0 = Release|Any CPU
		{4EA6C3E8-89F3-4054-8A50-93E48A88FF12}.Debug|Any CPU.ActiveCfg = Debug|Any CPU
		{4EA6C3E8-89F3-4054-8A50-93E48A88FF12}.Debug|Any CPU.Build.0 = Debug|Any CPU
		{4EA6C3E8-89F3-4054-8A50-93E48A88FF12}.Release|Any CPU.ActiveCfg = Release|Any CPU
		{4EA6C3E8-89F3-4054-8A50-93E48A88FF12}.Release|Any CPU.Build.0 = Release|Any CPU
		{88D31EE3-F61B-4EFE-908C-E8DCF2802F8D}.Debug|Any CPU.ActiveCfg = Debug|Any CPU
		{88D31EE3-F61B-4EFE-908C-E8DCF2802F8D}.Debug|Any CPU.Build.0 = Debug|Any CPU
		{88D31EE3-F61B-4EFE-908C-E8DCF2802F8D}.Release|Any CPU.ActiveCfg = Release|Any CPU
		{88D31EE3-F61B-4EFE-908C-E8DCF2802F8D}.Release|Any CPU.Build.0 = Release|Any CPU
	EndGlobalSection
	GlobalSection(SolutionProperties) = preSolution
		HideSolutionNode = FALSE
	EndGlobalSection
	GlobalSection(NestedProjects) = preSolution
		{EB69E1C8-4010-4C3D-8BD4-56FEF523C293} = {8F738140-D610-4691-B553-19857DEE16C3}
		{75D07501-E577-4660-9CD7-C997A602047D} = {EB69E1C8-4010-4C3D-8BD4-56FEF523C293}
		{25FA86FF-5D47-4804-B909-35641F2430E0} = {EB69E1C8-4010-4C3D-8BD4-56FEF523C293}
		{E14A9941-3D59-4A99-A8B0-15CE5C862C87} = {EB69E1C8-4010-4C3D-8BD4-56FEF523C293}
		{F874C814-3B6D-4FA8-AA29-A982307A8FEB} = {8F738140-D610-4691-B553-19857DEE16C3}
		{4E671CD1-7175-4B09-9ACF-41B8BEC5A4A4} = {F874C814-3B6D-4FA8-AA29-A982307A8FEB}
		{5BD39B95-0BDD-4DA0-AE08-26C62F5301B2} = {F874C814-3B6D-4FA8-AA29-A982307A8FEB}
		{2583E7BA-F3DC-4AEB-8D7E-575F08B0F230} = {F874C814-3B6D-4FA8-AA29-A982307A8FEB}
		{A71F4B11-16E6-4C78-9972-1A996755EF38} = {F874C814-3B6D-4FA8-AA29-A982307A8FEB}
		{A1A5A32F-FD87-46C4-BDD1-7F9BE20253C6} = {8F738140-D610-4691-B553-19857DEE16C3}
		{54B4F0A2-3E0B-4B60-B108-579325ECC8D6} = {A1A5A32F-FD87-46C4-BDD1-7F9BE20253C6}
		{3A8A180E-094C-49DB-8C54-7A6D25348078} = {A1A5A32F-FD87-46C4-BDD1-7F9BE20253C6}
		{B79E5C5C-226F-420A-9B87-05825431B945} = {A1A5A32F-FD87-46C4-BDD1-7F9BE20253C6}
		{F6BCEC87-BDE3-46A5-ACBC-CA78F7346B0C} = {8F738140-D610-4691-B553-19857DEE16C3}
		{6F6F7AF6-9686-4F33-A159-C3397341D768} = {F6BCEC87-BDE3-46A5-ACBC-CA78F7346B0C}
		{710C343D-FF81-43A2-9FC6-9FE01BCCEC75} = {F6BCEC87-BDE3-46A5-ACBC-CA78F7346B0C}
		{82022AEC-43FA-49C7-96CF-30672F9F4F72} = {F6BCEC87-BDE3-46A5-ACBC-CA78F7346B0C}
		{32B49DD0-3E1C-4F08-B7BD-18994F3D71C5} = {8F738140-D610-4691-B553-19857DEE16C3}
		{27296AC9-778F-4B5E-8A48-2A6D3485F87F} = {32B49DD0-3E1C-4F08-B7BD-18994F3D71C5}
		{E8B6D012-2EDF-4874-9A34-A81ACF31DCAE} = {32B49DD0-3E1C-4F08-B7BD-18994F3D71C5}
		{5A1A7491-E30E-4079-94BB-0162353DBCCF} = {32B49DD0-3E1C-4F08-B7BD-18994F3D71C5}
		{FDF0CD78-DC20-4951-8FEB-381951A91534} = {32B49DD0-3E1C-4F08-B7BD-18994F3D71C5}
		{7CC700B6-C86A-4827-AC12-EF996F37ABE6} = {32B49DD0-3E1C-4F08-B7BD-18994F3D71C5}
		{87DEFBFC-5B27-4B21-AA62-A4991FCA346C} = {37E6FE18-ED0D-41D2-809F-89D8DCB24690}
		{FB3D80B6-761E-4BFD-B6C8-A07B959EAE20} = {37E6FE18-ED0D-41D2-809F-89D8DCB24690}
		{9E1C03AE-DC4C-4769-B918-C644D9FE7C6C} = {37E6FE18-ED0D-41D2-809F-89D8DCB24690}
		{37E6FE18-ED0D-41D2-809F-89D8DCB24690} = {32B49DD0-3E1C-4F08-B7BD-18994F3D71C5}
		{BF60E2B2-B0F3-4905-B0C0-3077222CDE94} = {37E6FE18-ED0D-41D2-809F-89D8DCB24690}
		{E3870926-F9F8-4EAA-885E-90B8184CBE70} = {37E6FE18-ED0D-41D2-809F-89D8DCB24690}
		{3FD0D3B0-57D9-4C23-8C4A-6CC878C395A5} = {8F738140-D610-4691-B553-19857DEE16C3}
		{F28E1741-BA2C-491B-96B3-BBA8F56C4030} = {02FD99B0-C4F3-49D7-9964-35EF813A6B9A}
		{7FDB493D-1E54-4D39-9E30-0F466BFB75F3} = {3FD0D3B0-57D9-4C23-8C4A-6CC878C395A5}
		{3B72C9EB-9EB7-4DB2-A2FC-0EA8BEBA261C} = {3FD0D3B0-57D9-4C23-8C4A-6CC878C395A5}
		{3EFC481E-F796-4EFE-98A8-64C5C98502DC} = {8F738140-D610-4691-B553-19857DEE16C3}
		{76AED22E-5C08-4867-9F08-304A26EA2E03} = {3EFC481E-F796-4EFE-98A8-64C5C98502DC}
		{497A4694-2854-41CD-BEBD-7FE7B0DBCA54} = {8F738140-D610-4691-B553-19857DEE16C3}
		{9668F017-4086-49D0-BCB4-447089322271} = {497A4694-2854-41CD-BEBD-7FE7B0DBCA54}
		{3955E199-3596-435B-89F5-026B5D7F86FA} = {497A4694-2854-41CD-BEBD-7FE7B0DBCA54}
		{72C615C5-4FC9-4629-96D9-142EBEDB6C84} = {F28E1741-BA2C-491B-96B3-BBA8F56C4030}
		{428686FA-902D-4266-B450-9A202D0C002E} = {F28E1741-BA2C-491B-96B3-BBA8F56C4030}
		{F527C872-334D-48F5-92BA-D0B5697B4A9A} = {02FD99B0-C4F3-49D7-9964-35EF813A6B9A}
		{15822CA9-7384-4121-9AA8-FBC9DD54D701} = {F527C872-334D-48F5-92BA-D0B5697B4A9A}
		{E0A80117-33DE-4DCC-A9D5-4B8657AA81B8} = {02FD99B0-C4F3-49D7-9964-35EF813A6B9A}
		{4EA6C3E8-89F3-4054-8A50-93E48A88FF12} = {E0A80117-33DE-4DCC-A9D5-4B8657AA81B8}
		{85755665-1EE2-42E2-A692-78680149E81D} = {02FD99B0-C4F3-49D7-9964-35EF813A6B9A}
		{88D31EE3-F61B-4EFE-908C-E8DCF2802F8D} = {85755665-1EE2-42E2-A692-78680149E81D}
	EndGlobalSection
EndGlobal
