
Microsoft Visual Studio Solution File, Format Version 12.00
# Visual Studio 14
VisualStudioVersion = 14.0.23107.0
MinimumVisualStudioVersion = 10.0.40219.1
Project("{FAE04EC0-301F-11D3-BF4B-00C04F79EFBC}") = "BackendPublisherWorker", "BackendPublisherWorker\BackendPublisherWorker.csproj", "{71E5034C-EFE7-4B9E-AA09-ECAC7EBE53F8}"
EndProject
Project("{FAE04EC0-301F-11D3-BF4B-00C04F79EFBC}") = "BackendSubscriberWorker", "BackendSubscriberWorker\BackendSubscriberWorker.csproj", "{E158914C-BF94-45F2-AF74-FEA9133DEAF4}"
EndProject
Project("{FAE04EC0-301F-11D3-BF4B-00C04F79EFBC}") = "AnotherBackendSubscriberWorker", "AnotherBackendSubscriberWorker\AnotherBackendSubscriberWorker.csproj", "{CC3CA63A-F89B-4E92-9084-D5DF4850D5B3}"
EndProject
Project("{FAE04EC0-301F-11D3-BF4B-00C04F79EFBC}") = "SharedMessages", "SharedMessages\SharedMessages.csproj", "{8711E5AE-5C0C-436E-A2AA-46FC8C77F647}"
EndProject
Project("{FAE04EC0-301F-11D3-BF4B-00C04F79EFBC}") = "WebFrontend", "WebFrontend\WebFrontend.csproj", "{58A21B04-589A-413E-AB6E-099D29B756EF}"
EndProject
Project("{2150E333-8FDC-42A3-9474-1A3956D46DE8}") = "Solution Items", "Solution Items", "{1418F1B9-4478-45D4-AF54-184958E4218A}"
	ProjectSection(SolutionItems) = preProject
		README.md = README.md
	EndProjectSection
EndProject
Project("{2150E333-8FDC-42A3-9474-1A3956D46DE8}") = "Subscribers", "Subscribers", "{8B8F20D2-7DFE-44F5-A952-C69AEA76CFCF}"
EndProject
Project("{FAE04EC0-301F-11D3-BF4B-00C04F79EFBC}") = "SharedServiceBusManagement", "SharedServiceBusManagement\SharedServiceBusManagement.csproj", "{05414F54-A103-4D46-ADF7-2AC3011E56B6}"
EndProject
Project("{CC5FD16D-436D-48AD-A40C-5A424C6E3E79}") = "AzureServiceBusPubSubDemo", "AzureServiceBusPubSubDemo\AzureServiceBusPubSubDemo.ccproj", "{12F25015-6A30-4878-9C97-CAC14C9A6E20}"
EndProject
Global
	GlobalSection(SolutionConfigurationPlatforms) = preSolution
		Debug|Any CPU = Debug|Any CPU
		Release|Any CPU = Release|Any CPU
	EndGlobalSection
	GlobalSection(ProjectConfigurationPlatforms) = postSolution
		{71E5034C-EFE7-4B9E-AA09-ECAC7EBE53F8}.Debug|Any CPU.ActiveCfg = Debug|Any CPU
		{71E5034C-EFE7-4B9E-AA09-ECAC7EBE53F8}.Debug|Any CPU.Build.0 = Debug|Any CPU
		{71E5034C-EFE7-4B9E-AA09-ECAC7EBE53F8}.Release|Any CPU.ActiveCfg = Release|Any CPU
		{71E5034C-EFE7-4B9E-AA09-ECAC7EBE53F8}.Release|Any CPU.Build.0 = Release|Any CPU
		{E158914C-BF94-45F2-AF74-FEA9133DEAF4}.Debug|Any CPU.ActiveCfg = Debug|Any CPU
		{E158914C-BF94-45F2-AF74-FEA9133DEAF4}.Debug|Any CPU.Build.0 = Debug|Any CPU
		{E158914C-BF94-45F2-AF74-FEA9133DEAF4}.Release|Any CPU.ActiveCfg = Release|Any CPU
		{E158914C-BF94-45F2-AF74-FEA9133DEAF4}.Release|Any CPU.Build.0 = Release|Any CPU
		{CC3CA63A-F89B-4E92-9084-D5DF4850D5B3}.Debug|Any CPU.ActiveCfg = Debug|Any CPU
		{CC3CA63A-F89B-4E92-9084-D5DF4850D5B3}.Debug|Any CPU.Build.0 = Debug|Any CPU
		{CC3CA63A-F89B-4E92-9084-D5DF4850D5B3}.Release|Any CPU.ActiveCfg = Release|Any CPU
		{CC3CA63A-F89B-4E92-9084-D5DF4850D5B3}.Release|Any CPU.Build.0 = Release|Any CPU
		{8711E5AE-5C0C-436E-A2AA-46FC8C77F647}.Debug|Any CPU.ActiveCfg = Debug|Any CPU
		{8711E5AE-5C0C-436E-A2AA-46FC8C77F647}.Debug|Any CPU.Build.0 = Debug|Any CPU
		{8711E5AE-5C0C-436E-A2AA-46FC8C77F647}.Release|Any CPU.ActiveCfg = Release|Any CPU
		{8711E5AE-5C0C-436E-A2AA-46FC8C77F647}.Release|Any CPU.Build.0 = Release|Any CPU
		{58A21B04-589A-413E-AB6E-099D29B756EF}.Debug|Any CPU.ActiveCfg = Debug|Any CPU
		{58A21B04-589A-413E-AB6E-099D29B756EF}.Debug|Any CPU.Build.0 = Debug|Any CPU
		{58A21B04-589A-413E-AB6E-099D29B756EF}.Release|Any CPU.ActiveCfg = Release|Any CPU
		{58A21B04-589A-413E-AB6E-099D29B756EF}.Release|Any CPU.Build.0 = Release|Any CPU
		{05414F54-A103-4D46-ADF7-2AC3011E56B6}.Debug|Any CPU.ActiveCfg = Debug|Any CPU
		{05414F54-A103-4D46-ADF7-2AC3011E56B6}.Debug|Any CPU.Build.0 = Debug|Any CPU
		{05414F54-A103-4D46-ADF7-2AC3011E56B6}.Release|Any CPU.ActiveCfg = Release|Any CPU
		{05414F54-A103-4D46-ADF7-2AC3011E56B6}.Release|Any CPU.Build.0 = Release|Any CPU
		{12F25015-6A30-4878-9C97-CAC14C9A6E20}.Debug|Any CPU.ActiveCfg = Debug|Any CPU
		{12F25015-6A30-4878-9C97-CAC14C9A6E20}.Debug|Any CPU.Build.0 = Debug|Any CPU
		{12F25015-6A30-4878-9C97-CAC14C9A6E20}.Release|Any CPU.ActiveCfg = Release|Any CPU
		{12F25015-6A30-4878-9C97-CAC14C9A6E20}.Release|Any CPU.Build.0 = Release|Any CPU
	EndGlobalSection
	GlobalSection(SolutionProperties) = preSolution
		HideSolutionNode = FALSE
	EndGlobalSection
	GlobalSection(NestedProjects) = preSolution
		{E158914C-BF94-45F2-AF74-FEA9133DEAF4} = {8B8F20D2-7DFE-44F5-A952-C69AEA76CFCF}
		{CC3CA63A-F89B-4E92-9084-D5DF4850D5B3} = {8B8F20D2-7DFE-44F5-A952-C69AEA76CFCF}
	EndGlobalSection
EndGlobal
