
Microsoft Visual Studio Solution File, Format Version 12.00
# Visual Studio 14
VisualStudioVersion = 14.0.23107.0
MinimumVisualStudioVersion = 10.0.40219.1
Project("{CC5FD16D-436D-48AD-A40C-5A424C6E3E79}") = "AzureServiceBusDemo", "AzureServiceBusDemo\AzureServiceBusDemo.ccproj", "{B3FA91A7-DC96-4781-9065-FB4BB1CD1CE5}"
EndProject
Project("{FAE04EC0-301F-11D3-BF4B-00C04F79EFBC}") = "WebFrontend", "WebFrontend\WebFrontend.csproj", "{58A21B04-589A-413E-AB6E-099D29B756EF}"
EndProject
Project("{FAE04EC0-301F-11D3-BF4B-00C04F79EFBC}") = "BackendWorker", "BackendWorker\BackendWorker.csproj", "{28FE72E3-BF09-404E-A21B-B1C2E1A70CC8}"
EndProject
Project("{FAE04EC0-301F-11D3-BF4B-00C04F79EFBC}") = "SharedMessages", "SharedMessages\SharedMessages.csproj", "{8711E5AE-5C0C-436E-A2AA-46FC8C77F647}"
EndProject
Project("{2150E333-8FDC-42A3-9474-1A3956D46DE8}") = "Solution Items", "Solution Items", "{83447245-AE35-4263-800B-D3DAB77AC00D}"
	ProjectSection(SolutionItems) = preProject
		README.md = README.md
	EndProjectSection
EndProject
Global
	GlobalSection(SolutionConfigurationPlatforms) = preSolution
		Debug|Any CPU = Debug|Any CPU
		Release|Any CPU = Release|Any CPU
	EndGlobalSection
	GlobalSection(ProjectConfigurationPlatforms) = postSolution
		{B3FA91A7-DC96-4781-9065-FB4BB1CD1CE5}.Debug|Any CPU.ActiveCfg = Debug|Any CPU
		{B3FA91A7-DC96-4781-9065-FB4BB1CD1CE5}.Debug|Any CPU.Build.0 = Debug|Any CPU
		{B3FA91A7-DC96-4781-9065-FB4BB1CD1CE5}.Release|Any CPU.ActiveCfg = Release|Any CPU
		{B3FA91A7-DC96-4781-9065-FB4BB1CD1CE5}.Release|Any CPU.Build.0 = Release|Any CPU
		{58A21B04-589A-413E-AB6E-099D29B756EF}.Debug|Any CPU.ActiveCfg = Debug|Any CPU
		{58A21B04-589A-413E-AB6E-099D29B756EF}.Debug|Any CPU.Build.0 = Debug|Any CPU
		{58A21B04-589A-413E-AB6E-099D29B756EF}.Release|Any CPU.ActiveCfg = Release|Any CPU
		{58A21B04-589A-413E-AB6E-099D29B756EF}.Release|Any CPU.Build.0 = Release|Any CPU
		{28FE72E3-BF09-404E-A21B-B1C2E1A70CC8}.Debug|Any CPU.ActiveCfg = Debug|Any CPU
		{28FE72E3-BF09-404E-A21B-B1C2E1A70CC8}.Debug|Any CPU.Build.0 = Debug|Any CPU
		{28FE72E3-BF09-404E-A21B-B1C2E1A70CC8}.Release|Any CPU.ActiveCfg = Release|Any CPU
		{28FE72E3-BF09-404E-A21B-B1C2E1A70CC8}.Release|Any CPU.Build.0 = Release|Any CPU
		{8711E5AE-5C0C-436E-A2AA-46FC8C77F647}.Debug|Any CPU.ActiveCfg = Debug|Any CPU
		{8711E5AE-5C0C-436E-A2AA-46FC8C77F647}.Debug|Any CPU.Build.0 = Debug|Any CPU
		{8711E5AE-5C0C-436E-A2AA-46FC8C77F647}.Release|Any CPU.ActiveCfg = Release|Any CPU
		{8711E5AE-5C0C-436E-A2AA-46FC8C77F647}.Release|Any CPU.Build.0 = Release|Any CPU
	EndGlobalSection
	GlobalSection(SolutionProperties) = preSolution
		HideSolutionNode = FALSE
	EndGlobalSection
EndGlobal
